{
  "name": "spark.motd",
  "lockfileVersion": 3,
  "requires": true,
  "packages": {
    "": {
      "dependencies": {
        "mcpe-ping": "^0.0.4",
        "varint": "^6.0.0"
      }
    },
    "node_modules/async": {
      "version": "0.9.0",
      "resolved": "https://registry.npmjs.org/async/-/async-0.9.0.tgz",
      "integrity": "sha512-XQJ3MipmCHAIBBMFfu2jaSetneOrXbSyyqeU3Nod867oNOpS+i9FEms5PWgjMxSgBybRf2IVVLtr1YfrDO+okg=="
    },
    "node_modules/bufferview": {
      "version": "1.0.1",
      "resolved": "https://registry.npmjs.org/bufferview/-/bufferview-1.0.1.tgz",
      "integrity": "sha512-q87jdvsZ/sEngmDUvPT/PJsBGCi998c3B1U/6IN1uGg+R2HrTFJUDccXZEx6OxpuLySyBDGXc7vkSt4BXTyKxA==",
      "engines": {
        "node": ">=0.8"
      }
    },
    "node_modules/bytebuffer": {
      "version": "4.1.0",
      "resolved": "https://registry.npmjs.org/bytebuffer/-/bytebuffer-4.1.0.tgz",
      "integrity": "sha512-iUP8IfllRZiCGYACmcE7IxEfW+L1OKUEcHhXsrosqf51HnwR55THbePWeY3xAFxMlhhUa2I6x3cp5zG2vHI2YQ==",
      "dependencies": {
        "bufferview": "~1",
        "long": "~2 >=2.3.0"
      },
      "engines": {
        "node": ">=0.8"
      }
    },
    "node_modules/long": {
      "version": "2.4.0",
      "resolved": "https://registry.npmjs.org/long/-/long-2.4.0.tgz",
      "integrity": "sha512-ijUtjmO/n2A5PaosNG9ZGDsQ3vxJg7ZW8vsY8Kp0f2yIZWhSJvjmegV7t+9RPQKxKrvj8yKGehhS+po14hPLGQ==",
      "engines": {
        "node": ">=0.6"
      }
    },
    "node_modules/mcpe-ping": {
      "version": "0.0.4",
      "resolved": "https://registry.npmjs.org/mcpe-ping/-/mcpe-ping-0.0.4.tgz",
      "integrity": "sha512-1dgxwkS8tpIqnZe0+dp1ztAyF+pYEKXrSJDjDMPyPYqkd68ES03OmwPVFsWZpoeLel626POkE0VD3LnyvjYUyQ==",
      "dependencies": {
        "bytebuffer": "^4.0.0",
        "portfinder": "^0.4.0"
      }
    },
    "node_modules/minimist": {
      "version": "1.2.7",
      "resolved": "https://registry.npmjs.org/minimist/-/minimist-1.2.7.tgz",
      "integrity": "sha512-bzfL1YUZsP41gmu/qjrEk0Q6i2ix/cVeAhbCbqH9u3zYutS1cLg00qhrD0M2MVdCcx4Sc0UpP2eBWo9rotpq6g==",
      "funding": {
        "url": "https://github.com/sponsors/ljharb"
      }
    },
    "node_modules/mkdirp": {
      "version": "0.5.6",
      "resolved": "https://registry.npmjs.org/mkdirp/-/mkdirp-0.5.6.tgz",
      "integrity": "sha512-FP+p8RB8OWpF3YZBCrP5gtADmtXApB5AMLn+vdyA+PyxCjrCs00mjyUozssO33cwDeT3wNGdLxJ5M//YqtHAJw==",
      "dependencies": {
        "minimist": "^1.2.6"
      },
      "bin": {
        "mkdirp": "bin/cmd.js"
      }
    },
    "node_modules/portfinder": {
      "version": "0.4.0",
      "resolved": "https://registry.npmjs.org/portfinder/-/portfinder-0.4.0.tgz",
      "integrity": "sha512-SZ3hp61WVhwNSS0gf0Fdrx5Yb/wl35qisHuPVM1S0StV8t5XlVZmmJy7/417OELJA7t6ecEmeEzvOaBwq3kCiQ==",
      "dependencies": {
        "async": "0.9.0",
        "mkdirp": "0.5.x"
      },
      "engines": {
        "node": ">= 0.8.0"
      }
    },
    "node_modules/varint": {
      "version": "6.0.0",
      "resolved": "https://registry.npmjs.org/varint/-/varint-6.0.0.tgz",
      "integrity": "sha512-cXEIW6cfr15lFv563k4GuVuW/fiwjknytD37jIOLSdSWuOI6WnO/oKwmP2FQTU2l01LP8/M5TSAJpzUaGe3uWg=="
    }
  }
}
